Microsoft Visual Studio Solution File, Format Version 11.00
# Visual Studio 2008

Project("{A6FA3D3D-5761-977C-58DB-8FFC514AFBE3}") = "Spaceman", "Assembly-CSharp-firstpass.csproj", "{DEE2814E-8A3A-BB41-14D2-16B0427C441B}"
EndProject
Project("{A6FA3D3D-5761-977C-58DB-8FFC514AFBE3}") = "Spaceman", "Assembly-CSharp.csproj", "{8D0C7575-4845-0636-B558-879AAEB98F18}"
EndProject
Project("{A6FA3D3D-5761-977C-58DB-8FFC514AFBE3}") = "Spaceman", "Assembly-CSharp-Editor.csproj", "{0FC031A0-11D4-2AF8-6114-0338B2A5D7C3}"
EndProject
Global
	GlobalSection(SolutionConfigurationPlatforms) = preSolution
		Debug|Any CPU = Debug|Any CPU
		Release|Any CPU = Release|Any CPU
	EndGlobalSection
	GlobalSection(ProjectConfigurationPlatforms) = postSolution
		{DEE2814E-8A3A-BB41-14D2-16B0427C441B}.Debug|Any CPU.ActiveCfg = Debug|Any CPU
		{DEE2814E-8A3A-BB41-14D2-16B0427C441B}.Debug|Any CPU.Build.0 = Debug|Any CPU
		{DEE2814E-8A3A-BB41-14D2-16B0427C441B}.Release|Any CPU.ActiveCfg = Release|Any CPU
		{DEE2814E-8A3A-BB41-14D2-16B0427C441B}.Release|Any CPU.Build.0 = Release|Any CPU
		{8D0C7575-4845-0636-B558-879AAEB98F18}.Debug|Any CPU.ActiveCfg = Debug|Any CPU
		{8D0C7575-4845-0636-B558-879AAEB98F18}.Debug|Any CPU.Build.0 = Debug|Any CPU
		{8D0C7575-4845-0636-B558-879AAEB98F18}.Release|Any CPU.ActiveCfg = Release|Any CPU
		{8D0C7575-4845-0636-B558-879AAEB98F18}.Release|Any CPU.Build.0 = Release|Any CPU
		{0FC031A0-11D4-2AF8-6114-0338B2A5D7C3}.Debug|Any CPU.ActiveCfg = Debug|Any CPU
		{0FC031A0-11D4-2AF8-6114-0338B2A5D7C3}.Debug|Any CPU.Build.0 = Debug|Any CPU
		{0FC031A0-11D4-2AF8-6114-0338B2A5D7C3}.Release|Any CPU.ActiveCfg = Release|Any CPU
		{0FC031A0-11D4-2AF8-6114-0338B2A5D7C3}.Release|Any CPU.Build.0 = Release|Any CPU
	EndGlobalSection
	GlobalSection(SolutionProperties) = preSolution
		HideSolutionNode = FALSE
	EndGlobalSection
	GlobalSection(MonoDevelopProperties) = preSolution
		StartupItem = Assembly-CSharp.csproj
	EndGlobalSection
EndGlobal
